
Microsoft Visual Studio Solution File, Format Version 12.00
# Visual Studio Version 17
VisualStudioVersion = 17.4.33213.308
MinimumVisualStudioVersion = 10.0.40219.1
Project("{FAE04EC0-301F-11D3-BF4B-00C04F79EFBC}") = "carbooking", "carbooking\carbooking.csproj", "{5D05962D-40A8-4B56-B42A-1E011EEB5CE6}"
EndProject
Global
	GlobalSection(SolutionConfigurationPlatforms) = preSolution
		Debug|Any CPU = Debug|Any CPU
		Release|Any CPU = Release|Any CPU
	EndGlobalSection
	GlobalSection(ProjectConfigurationPlatforms) = postSolution
		{5D05962D-40A8-4B56-B42A-1E011EEB5CE6}.Debug|Any CPU.ActiveCfg = Debug|Any CPU
		{5D05962D-40A8-4B56-B42A-1E011EEB5CE6}.Debug|Any CPU.Build.0 = Debug|Any CPU
		{5D05962D-40A8-4B56-B42A-1E011EEB5CE6}.Release|Any CPU.ActiveCfg = Release|Any CPU
		{5D05962D-40A8-4B56-B42A-1E011EEB5CE6}.Release|Any CPU.Build.0 = Release|Any CPU
	EndGlobalSection
	GlobalSection(SolutionProperties) = preSolution
		HideSolutionNode = FALSE
	EndGlobalSection
	GlobalSection(ExtensibilityGlobals) = postSolution
		SolutionGuid = {4754CFF3-4298-4F60-9FF9-114773599712}
	EndGlobalSection
EndGlobal
